
Microsoft Visual Studio Solution File, Format Version 12.00
# Visual Studio 15
VisualStudioVersion = 15.0.28307.757
MinimumVisualStudioVersion = 10.0.40219.1
Project("{FAE04EC0-301F-11D3-BF4B-00C04F79EFBC}") = "boardgame", "boardgame\boardgame.csproj", "{4EA31FFE-166F-4804-8953-9B9ADC2D802E}"
EndProject
Global
	GlobalSection(SolutionConfigurationPlatforms) = preSolution
		Debug|Any CPU = Debug|Any CPU
		Release|Any CPU = Release|Any CPU
	EndGlobalSection
	GlobalSection(ProjectConfigurationPlatforms) = postSolution
		{4EA31FFE-166F-4804-8953-9B9ADC2D802E}.Debug|Any CPU.ActiveCfg = Debug|Any CPU
		{4EA31FFE-166F-4804-8953-9B9ADC2D802E}.Debug|Any CPU.Build.0 = Debug|Any CPU
		{4EA31FFE-166F-4804-8953-9B9ADC2D802E}.Release|Any CPU.ActiveCfg = Release|Any CPU
		{4EA31FFE-166F-4804-8953-9B9ADC2D802E}.Release|Any CPU.Build.0 = Release|Any CPU
	EndGlobalSection
	GlobalSection(SolutionProperties) = preSolution
		HideSolutionNode = FALSE
	EndGlobalSection
	GlobalSection(ExtensibilityGlobals) = postSolution
		SolutionGuid = {B900FAA6-3671-4B25-ABFC-A5A38DD7E41C}
	EndGlobalSection
EndGlobal
